// !$*UTF8*$!
{
	archiveVersion = 1;
	classes = {
	};
	objectVersion = 77;
	objects = {

/* Begin PBXBuildFile section */
		354A31B32F178DD1005237E6 /* BasicVersionConfig.xcconfig in Resources */ = {isa = PBXBuildFile; fileRef = 354A31B22F178DD1005237E6 /* BasicVersionConfig.xcconfig */; };
		354A31B52F178E42005237E6 /* PremiumVersionConfig.xcconfig in Resources */ = {isa = PBXBuildFile; fileRef = 354A31B42F178E42005237E6 /* PremiumVersionConfig.xcconfig */; };
/* End PBXBuildFile section */

/* Begin PBXContainerItemProxy section */
		35944D072F05A47D002892A5 /* PBXContainerItemProxy */ = {
			isa = PBXContainerItemProxy;
			containerPortal = 35EDF0C82E9FF1C000D50221 /* Project object */;
			proxyType = 1;
			remoteGlobalIDString = 35EDF0CF2E9FF1C000D50221;
			remoteInfo = HabitApp;
		};
		35EDF0E82E9FF1C300D50221 /* PBXContainerItemProxy */ = {
			isa = PBXContainerItemProxy;
			containerPortal = 35EDF0C82E9FF1C000D50221 /* Project object */;
			proxyType = 1;
			remoteGlobalIDString = 35EDF0CF2E9FF1C000D50221;
			remoteInfo = HabitApp;
		};
/* End PBXContainerItemProxy section */

/* Begin PBXFileReference section */
		354A31AD2F17891E005237E6 /* HabitApp Premium.app */ = {isa = PBXFileReference; explicitFileType = wrapper.application; includeInIndex = 0; path = "HabitApp Premium.app"; sourceTree = BUILT_PRODUCTS_DIR; };
		354A31B22F178DD1005237E6 /* BasicVersionConfig.xcconfig */ = {isa = PBXFileReference; lastKnownFileType = text.xcconfig; path = BasicVersionConfig.xcconfig; sourceTree = "<group>"; };
		354A31B42F178E42005237E6 /* PremiumVersionConfig.xcconfig */ = {isa = PBXFileReference; lastKnownFileType = text.xcconfig; path = PremiumVersionConfig.xcconfig; sourceTree = "<group>"; };
		35944D032F05A47D002892A5 /* HabitAppUnitTestsMacOS.xctest */ = {isa = PBXFileReference; explicitFileType = wrapper.cfbundle; includeInIndex = 0; path = HabitAppUnitTestsMacOS.xctest; sourceTree = BUILT_PRODUCTS_DIR; };
		35CCB8FE2F16CFCE002C328E /* HabitApp.xctestplan */ = {isa = PBXFileReference; lastKnownFileType = text; path = HabitApp.xctestplan; sourceTree = "<group>"; };
		35EDF0D02E9FF1C000D50221 /* HabitApp.app */ = {isa = PBXFileReference; explicitFileType = wrapper.application; includeInIndex = 0; path = HabitApp.app; sourceTree = BUILT_PRODUCTS_DIR; };
		35EDF0E72E9FF1C300D50221 /* HabitAppUITests.xctest */ = {isa = PBXFileReference; explicitFileType = wrapper.cfbundle; includeInIndex = 0; path = HabitAppUITests.xctest; sourceTree = BUILT_PRODUCTS_DIR; };
/* End PBXFileReference section */

/* Begin PBXFileSystemSynchronizedBuildFileExceptionSet section */
		354A31AE2F17891E005237E6 /* Exceptions for "HabitApp" folder in "HabitApp Premium" target */ = {
			isa = PBXFileSystemSynchronizedBuildFileExceptionSet;
			membershipExceptions = (
				Application/AppConfig.swift,
				Application/HabitApp.swift,
				Application/UserPreferences.swift,
				Assets.xcassets,
				ContentView.swift,
				Core/Extensions/CharacterExtensions.swift,
				Core/Extensions/StringExtensions.swift,
				Core/Models/Habit.swift,
				Core/Models/Priority.swift,
				Core/ViewModels/HabitListViewModel.swift,
				Core/Views/CustomCalendarView.swift,
				Core/Views/HabitDetailWrapperView.swift,
				Core/Views/HabitListView.swift,
				Core/Views/HabitNotesView.swift,
				Core/Views/HabitRowView.swift,
				Core/Views/WeekdaySelectorView.swift,
				Features/Accessibility/Views/AccessibilityFilterModifier.swift,
				Features/Addictions/Extensions/HabitExtension.swift,
				Features/Addictions/Model/Addiction.swift,
				Features/Addictions/Model/AddictionHabitSectionConfig.swift,
				Features/Addictions/View/AddictionDetailWrapperView.swift,
				Features/Addictions/View/AddictionHabitSectionView.swift,
				Features/Addictions/View/AddictionListView.swift,
				Features/Addictions/View/AddictionRowView.swift,
				Features/Addictions/ViewModel/AddictionListViewModel.swift,
				Features/Categories/Models/Category.swift,
				Features/Categories/Models/Emoji.swift,
				Features/Categories/Models/EmojiLoader.swift,
				Features/Categories/Models/EmojiSearchModel.swift,
				Features/Categories/Models/UserImageSlot.swift,
				Features/Categories/ViewModel/CategoryListViewModel.swift,
				Features/Categories/ViewModel/UserImageViewModel.swift,
				Features/Categories/Views/CategoryDetailWrapperView.swift,
				Features/Categories/Views/CategoryListView.swift,
				Features/Categories/Views/CategoryRowView.swift,
				Features/Categories/Views/EmojiSearchView.swift,
				Features/Categories/Views/HabitCategoryView.swift,
				Features/Categories/Views/UserImagesPickerView.swift,
				Features/DailyNotes/Models/DailyNote.swift,
				Features/DailyNotes/ViewModels/DailyNotesViewModel.swift,
				Features/DailyNotes/Views/AddNoteView.swift,
				Features/DailyNotes/Views/DailyNotesView.swift,
				Features/DailyNotes/Views/NoteDetailView.swift,
				Features/DailyNotes/Views/NoteRowView.swift,
				Features/Goals/Models/Goal.swift,
				Features/Goals/Models/Milestone.swift,
				Features/Goals/ViewModels/GoalsViewModel.swift,
				Features/Goals/Views/AddGoalView.swift,
				Features/Goals/Views/GoalDetailView.swift,
				Features/Goals/Views/GoalsView.swift,
				Features/Recordatorios/Models/Recordatorio.swift,
				Features/Recordatorios/Service/NotificationManager.swift,
				Features/Recordatorios/ViewModels/RecordatorioViewModel.swift,
				Features/Recordatorios/Views/RecordatorioView.swift,
				Features/Settings/Views/AboutView.swift,
				Features/Settings/Views/NotificationSettingsView.swift,
				Features/Settings/Views/SettingsView.swift,
				Features/Statistics/Models/StatsModels.swift,
				Features/Statistics/Services/StatisticsService.swift,
				Features/Statistics/ViewModels/StatisticsViewModel.swift,
				Features/Statistics/Views/CompactHabitStatsView.swift,
				Features/Statistics/Views/DonutChartView.swift,
				Features/Statistics/Views/OverviewStatsView.swift,
				Features/Statistics/Views/PerHabitStatsView.swift,
				Features/Statistics/Views/StatisticsView.swift,
				Features/Statistics/Views/StatsChartView.swift,
				Features/Streaks/Models/Streak.swift,
				Features/Streaks/Views/StreakBadgeView.swift,
				Infraestructure/Persistence/IdentifiableModel.swift,
				Infraestructure/Persistence/StorageProvider.swift,
				Infraestructure/Persistence/SwiftDataStorageProvider.swift,
				Infraestructure/Plugins/AccessibilityPlugin.swift,
				Infraestructure/Plugins/AddictionPlugin.swift,
				Infraestructure/Plugins/CategoryPlugin.swift,
				Infraestructure/Plugins/DailyNotesPlugin.swift,
				Infraestructure/Plugins/DarkModePlugin.swift,
				Infraestructure/Plugins/DataPlugin.swift,
				Infraestructure/Plugins/FeaturePlugin.swift,
				Infraestructure/Plugins/HabitDataObserverManager.swift,
				Infraestructure/Plugins/HabitDataObservingPlugin.swift,
				Infraestructure/Plugins/HabitGoalPlugin.swift,
				Infraestructure/Plugins/HabitPlugin.swift,
				Infraestructure/Plugins/PluginDiscovery.swift,
				Infraestructure/Plugins/PluginRegistry.swift,
				Infraestructure/Plugins/StatisticsPlugin.swift,
				Infraestructure/Plugins/StreakPlugin.swift,
				Infraestructure/Plugins/ViewPlugin.swift,
				Localizable.xcstrings,
				Resources/emoji.txt,
				"Utils/   DailyNotesStyle+Extensions.swift",
			);
			target = 354A31A62F17891E005237E6 /* HabitApp Premium */;
		};
/* End PBXFileSystemSynchronizedBuildFileExceptionSet section */

/* Begin PBXFileSystemSynchronizedRootGroup section */
		35944CF52F05A1EA002892A5 /* HabitApTests */ = {
			isa = PBXFileSystemSynchronizedRootGroup;
			path = HabitApTests;
			sourceTree = "<group>";
		};
		35944D042F05A47D002892A5 /* HabitAppUnitTestsMacOS */ = {
			isa = PBXFileSystemSynchronizedRootGroup;
			path = HabitAppUnitTestsMacOS;
			sourceTree = "<group>";
		};
		35EDF0D22E9FF1C000D50221 /* HabitApp */ = {
			isa = PBXFileSystemSynchronizedRootGroup;
			exceptions = (
				354A31AE2F17891E005237E6 /* Exceptions for "HabitApp" folder in "HabitApp Premium" target */,
			);
			path = HabitApp;
			sourceTree = "<group>";
		};
/* End PBXFileSystemSynchronizedRootGroup section */

/* Begin PBXFrameworksBuildPhase section */
		354A31A82F17891E005237E6 /* Frameworks */ = {
			isa = PBXFrameworksBuildPhase;
			buildActionMask = 2147483647;
			files = (
			);
			runOnlyForDeploymentPostprocessing = 0;
		};
		35944D002F05A47D002892A5 /* Frameworks */ = {
			isa = PBXFrameworksBuildPhase;
			buildActionMask = 2147483647;
			files = (
			);
			runOnlyForDeploymentPostprocessing = 0;
		};
		35EDF0CD2E9FF1C000D50221 /* Frameworks */ = {
			isa = PBXFrameworksBuildPhase;
			buildActionMask = 2147483647;
			files = (
			);
			runOnlyForDeploymentPostprocessing = 0;
		};
		35EDF0E42E9FF1C300D50221 /* Frameworks */ = {
			isa = PBXFrameworksBuildPhase;
			buildActionMask = 2147483647;
			files = (
			);
			runOnlyForDeploymentPostprocessing = 0;
		};
/* End PBXFrameworksBuildPhase section */

/* Begin PBXGroup section */
		35EDF0C72E9FF1C000D50221 = {
			isa = PBXGroup;
			children = (
				354A31B42F178E42005237E6 /* PremiumVersionConfig.xcconfig */,
				354A31B22F178DD1005237E6 /* BasicVersionConfig.xcconfig */,
				35CCB8FE2F16CFCE002C328E /* HabitApp.xctestplan */,
				35EDF0D22E9FF1C000D50221 /* HabitApp */,
				35944CF52F05A1EA002892A5 /* HabitApTests */,
				35944D042F05A47D002892A5 /* HabitAppUnitTestsMacOS */,
				35EDF0D12E9FF1C000D50221 /* Products */,
			);
			sourceTree = "<group>";
		};
		35EDF0D12E9FF1C000D50221 /* Products */ = {
			isa = PBXGroup;
			children = (
				35EDF0D02E9FF1C000D50221 /* HabitApp.app */,
				35EDF0E72E9FF1C300D50221 /* HabitAppUITests.xctest */,
				35944D032F05A47D002892A5 /* HabitAppUnitTestsMacOS.xctest */,
				354A31AD2F17891E005237E6 /* HabitApp Premium.app */,
			);
			name = Products;
			sourceTree = "<group>";
		};
/* End PBXGroup section */

/* Begin PBXNativeTarget section */
		354A31A62F17891E005237E6 /* HabitApp Premium */ = {
			isa = PBXNativeTarget;
			buildConfigurationList = 354A31AA2F17891E005237E6 /* Build configuration list for PBXNativeTarget "HabitApp Premium" */;
			buildPhases = (
				354A31A72F17891E005237E6 /* Sources */,
				354A31A82F17891E005237E6 /* Frameworks */,
				354A31A92F17891E005237E6 /* Resources */,
			);
			buildRules = (
			);
			dependencies = (
			);
			fileSystemSynchronizedGroups = (
				35EDF0D22E9FF1C000D50221 /* HabitApp */,
			);
			name = "HabitApp Premium";
			packageProductDependencies = (
			);
			productName = "HabitApp Premium";
			productReference = 354A31AD2F17891E005237E6 /* HabitApp Premium.app */;
			productType = "com.apple.product-type.application";
		};
		35944D022F05A47D002892A5 /* HabitAppUnitTestsMacOS */ = {
			isa = PBXNativeTarget;
			buildConfigurationList = 35944D092F05A47D002892A5 /* Build configuration list for PBXNativeTarget "HabitAppUnitTestsMacOS" */;
			buildPhases = (
				35944CFF2F05A47D002892A5 /* Sources */,
				35944D002F05A47D002892A5 /* Frameworks */,
				35944D012F05A47D002892A5 /* Resources */,
			);
			buildRules = (
			);
			dependencies = (
				35944D082F05A47D002892A5 /* PBXTargetDependency */,
			);
			fileSystemSynchronizedGroups = (
				35944D042F05A47D002892A5 /* HabitAppUnitTestsMacOS */,
			);
			name = HabitAppUnitTestsMacOS;
			packageProductDependencies = (
			);
			productName = HabitAppUnitTestsMacOS;
			productReference = 35944D032F05A47D002892A5 /* HabitAppUnitTestsMacOS.xctest */;
			productType = "com.apple.product-type.bundle.unit-test";
		};
		35EDF0CF2E9FF1C000D50221 /* HabitApp */ = {
			isa = PBXNativeTarget;
			buildConfigurationList = 35EDF0F12E9FF1C300D50221 /* Build configuration list for PBXNativeTarget "HabitApp" */;
			buildPhases = (
				35EDF0CC2E9FF1C000D50221 /* Sources */,
				35EDF0CD2E9FF1C000D50221 /* Frameworks */,
				35EDF0CE2E9FF1C000D50221 /* Resources */,
			);
			buildRules = (
			);
			dependencies = (
			);
			fileSystemSynchronizedGroups = (
				35EDF0D22E9FF1C000D50221 /* HabitApp */,
			);
			name = HabitApp;
			packageProductDependencies = (
			);
			productName = HabitApp;
			productReference = 35EDF0D02E9FF1C000D50221 /* HabitApp.app */;
			productType = "com.apple.product-type.application";
		};
		35EDF0E62E9FF1C300D50221 /* HabitAppUITests */ = {
			isa = PBXNativeTarget;
			buildConfigurationList = 35EDF0F72E9FF1C300D50221 /* Build configuration list for PBXNativeTarget "HabitAppUITests" */;
			buildPhases = (
				35EDF0E32E9FF1C300D50221 /* Sources */,
				35EDF0E42E9FF1C300D50221 /* Frameworks */,
				35EDF0E52E9FF1C300D50221 /* Resources */,
			);
			buildRules = (
			);
			dependencies = (
				35EDF0E92E9FF1C300D50221 /* PBXTargetDependency */,
			);
			name = HabitAppUITests;
			packageProductDependencies = (
			);
			productName = HabitAppUITests;
			productReference = 35EDF0E72E9FF1C300D50221 /* HabitAppUITests.xctest */;
			productType = "com.apple.product-type.bundle.ui-testing";
		};
/* End PBXNativeTarget section */

/* Begin PBXProject section */
		35EDF0C82E9FF1C000D50221 /* Project object */ = {
			isa = PBXProject;
			attributes = {
				BuildIndependentTargetsInParallel = 1;
				LastSwiftUpdateCheck = 2600;
				LastUpgradeCheck = 2600;
				TargetAttributes = {
					35944D022F05A47D002892A5 = {
						CreatedOnToolsVersion = 26.0;
						TestTargetID = 35EDF0CF2E9FF1C000D50221;
					};
					35EDF0CF2E9FF1C000D50221 = {
						CreatedOnToolsVersion = 26.0;
					};
					35EDF0E62E9FF1C300D50221 = {
						CreatedOnToolsVersion = 26.0;
						TestTargetID = 35EDF0CF2E9FF1C000D50221;
					};
				};
			};
			buildConfigurationList = 35EDF0CB2E9FF1C000D50221 /* Build configuration list for PBXProject "HabitApp" */;
			developmentRegion = en;
			hasScannedForEncodings = 0;
			knownRegions = (
				en,
				Base,
			);
			mainGroup = 35EDF0C72E9FF1C000D50221;
			minimizedProjectReferenceProxies = 1;
			preferredProjectObjectVersion = 77;
			productRefGroup = 35EDF0D12E9FF1C000D50221 /* Products */;
			projectDirPath = "";
			projectRoot = "";
			targets = (
				35EDF0CF2E9FF1C000D50221 /* HabitApp */,
				35EDF0E62E9FF1C300D50221 /* HabitAppUITests */,
				35944D022F05A47D002892A5 /* HabitAppUnitTestsMacOS */,
				354A31A62F17891E005237E6 /* HabitApp Premium */,
			);
		};
/* End PBXProject section */

/* Begin PBXResourcesBuildPhase section */
		354A31A92F17891E005237E6 /* Resources */ = {
			isa = PBXResourcesBuildPhase;
			buildActionMask = 2147483647;
			files = (
				354A31B52F178E42005237E6 /* PremiumVersionConfig.xcconfig in Resources */,
			);
			runOnlyForDeploymentPostprocessing = 0;
		};
		35944D012F05A47D002892A5 /* Resources */ = {
			isa = PBXResourcesBuildPhase;
			buildActionMask = 2147483647;
			files = (
			);
			runOnlyForDeploymentPostprocessing = 0;
		};
		35EDF0CE2E9FF1C000D50221 /* Resources */ = {
			isa = PBXResourcesBuildPhase;
			buildActionMask = 2147483647;
			files = (
				354A31B32F178DD1005237E6 /* BasicVersionConfig.xcconfig in Resources */,
			);
			runOnlyForDeploymentPostprocessing = 0;
		};
		35EDF0E52E9FF1C300D50221 /* Resources */ = {
			isa = PBXResourcesBuildPhase;
			buildActionMask = 2147483647;
			files = (
			);
			runOnlyForDeploymentPostprocessing = 0;
		};
/* End PBXResourcesBuildPhase section */

/* Begin PBXSourcesBuildPhase section */
		354A31A72F17891E005237E6 /* Sources */ = {
			isa = PBXSourcesBuildPhase;
			buildActionMask = 2147483647;
			files = (
			);
			runOnlyForDeploymentPostprocessing = 0;
		};
		35944CFF2F05A47D002892A5 /* Sources */ = {
			isa = PBXSourcesBuildPhase;
			buildActionMask = 2147483647;
			files = (
			);
			runOnlyForDeploymentPostprocessing = 0;
		};
		35EDF0CC2E9FF1C000D50221 /* Sources */ = {
			isa = PBXSourcesBuildPhase;
			buildActionMask = 2147483647;
			files = (
			);
			runOnlyForDeploymentPostprocessing = 0;
		};
		35EDF0E32E9FF1C300D50221 /* Sources */ = {
			isa = PBXSourcesBuildPhase;
			buildActionMask = 2147483647;
			files = (
			);
			runOnlyForDeploymentPostprocessing = 0;
		};
/* End PBXSourcesBuildPhase section */

/* Begin PBXTargetDependency section */
		35944D082F05A47D002892A5 /* PBXTargetDependency */ = {
			isa = PBXTargetDependency;
			target = 35EDF0CF2E9FF1C000D50221 /* HabitApp */;
			targetProxy = 35944D072F05A47D002892A5 /* PBXContainerItemProxy */;
		};
		35EDF0E92E9FF1C300D50221 /* PBXTargetDependency */ = {
			isa = PBXTargetDependency;
			target = 35EDF0CF2E9FF1C000D50221 /* HabitApp */;
			targetProxy = 35EDF0E82E9FF1C300D50221 /* PBXContainerItemProxy */;
		};
/* End PBXTargetDependency section */

/* Begin XCBuildConfiguration section */
		354A31AB2F17891E005237E6 /* Debug */ = {
			isa = XCBuildConfiguration;
			baseConfigurationReference = 354A31B42F178E42005237E6 /* PremiumVersionConfig.xcconfig */;
			buildSettings = {
				ASSETCATALOG_COMPILER_APPICON_NAME = AppIcon;
				ASSETCATALOG_COMPILER_GLOBAL_ACCENT_COLOR_NAME = AccentColor;
				CODE_SIGN_STYLE = Automatic;
				COMBINE_HIDPI_IMAGES = YES;
				CURRENT_PROJECT_VERSION = 1;
				ENABLE_APP_SANDBOX = YES;
				ENABLE_PREVIEWS = YES;
				ENABLE_USER_SELECTED_FILES = readonly;
				GENERATE_INFOPLIST_FILE = YES;
				INFOPLIST_KEY_LSApplicationCategoryType = "public.app-category.utilities";
				INFOPLIST_KEY_NSHumanReadableCopyright = "";
				LD_RUNPATH_SEARCH_PATHS = (
					"$(inherited)",
					"@executable_path/../Frameworks",
				);
				MARKETING_VERSION = 1.0;
				PRODUCT_BUNDLE_IDENTIFIER = ual.HabitApp3;
				PRODUCT_NAME = "$(TARGET_NAME)";
				REGISTER_APP_GROUPS = YES;
				STRING_CATALOG_GENERATE_SYMBOLS = YES;
				SUPPORTED_PLATFORMS = "iphoneos iphonesimulator macosx";
				SUPPORTS_MACCATALYST = NO;
				SWIFT_APPROACHABLE_CONCURRENCY = YES;
				SWIFT_DEFAULT_ACTOR_ISOLATION = MainActor;
				SWIFT_EMIT_LOC_STRINGS = YES;
				SWIFT_UPCOMING_FEATURE_MEMBER_IMPORT_VISIBILITY = YES;
				SWIFT_VERSION = 5.0;
				TARGETED_DEVICE_FAMILY = 1;
			};
			name = Debug;
		};
		354A31AC2F17891E005237E6 /* Release */ = {
			isa = XCBuildConfiguration;
			baseConfigurationReference = 354A31B42F178E42005237E6 /* PremiumVersionConfig.xcconfig */;
			buildSettings = {
				ASSETCATALOG_COMPILER_APPICON_NAME = AppIcon;
				ASSETCATALOG_COMPILER_GLOBAL_ACCENT_COLOR_NAME = AccentColor;
				CODE_SIGN_STYLE = Automatic;
				COMBINE_HIDPI_IMAGES = YES;
				CURRENT_PROJECT_VERSION = 1;
				ENABLE_APP_SANDBOX = YES;
				ENABLE_PREVIEWS = YES;
				ENABLE_USER_SELECTED_FILES = readonly;
				GENERATE_INFOPLIST_FILE = YES;
				INFOPLIST_KEY_LSApplicationCategoryType = "public.app-category.utilities";
				INFOPLIST_KEY_NSHumanReadableCopyright = "";
				LD_RUNPATH_SEARCH_PATHS = (
					"$(inherited)",
					"@executable_path/../Frameworks",
				);
				MARKETING_VERSION = 1.0;
				PRODUCT_BUNDLE_IDENTIFIER = ual.HabitApp3;
				PRODUCT_NAME = "$(TARGET_NAME)";
				REGISTER_APP_GROUPS = YES;
				STRING_CATALOG_GENERATE_SYMBOLS = YES;
				SUPPORTED_PLATFORMS = "iphoneos iphonesimulator macosx";
				SUPPORTS_MACCATALYST = NO;
				SWIFT_APPROACHABLE_CONCURRENCY = YES;
				SWIFT_DEFAULT_ACTOR_ISOLATION = MainActor;
				SWIFT_EMIT_LOC_STRINGS = YES;
				SWIFT_UPCOMING_FEATURE_MEMBER_IMPORT_VISIBILITY = YES;
				SWIFT_VERSION = 5.0;
				TARGETED_DEVICE_FAMILY = 1;
			};
			name = Release;
		};
		35944D0A2F05A47D002892A5 /* Debug */ = {
			isa = XCBuildConfiguration;
			buildSettings = {
				BUNDLE_LOADER = "$(TEST_HOST)";
				CODE_SIGN_STYLE = Automatic;
				CURRENT_PROJECT_VERSION = 1;
				GENERATE_INFOPLIST_FILE = YES;
				MARKETING_VERSION = 1.0;
				PRODUCT_BUNDLE_IDENTIFIER = ual.HabitAppUnitTestsMacOS;
				PRODUCT_NAME = "$(TARGET_NAME)";
				STRING_CATALOG_GENERATE_SYMBOLS = NO;
				SWIFT_APPROACHABLE_CONCURRENCY = YES;
				SWIFT_EMIT_LOC_STRINGS = NO;
				SWIFT_UPCOMING_FEATURE_MEMBER_IMPORT_VISIBILITY = YES;
				SWIFT_VERSION = 5.0;
				TEST_HOST = "$(BUILT_PRODUCTS_DIR)/HabitApp.app/$(BUNDLE_EXECUTABLE_FOLDER_PATH)/HabitApp";
			};
			name = Debug;
		};
		35944D0B2F05A47D002892A5 /* Release */ = {
			isa = XCBuildConfiguration;
			buildSettings = {
				BUNDLE_LOADER = "$(TEST_HOST)";
				CODE_SIGN_STYLE = Automatic;
				CURRENT_PROJECT_VERSION = 1;
				GENERATE_INFOPLIST_FILE = YES;
				MARKETING_VERSION = 1.0;
				PRODUCT_BUNDLE_IDENTIFIER = ual.HabitAppUnitTestsMacOS;
				PRODUCT_NAME = "$(TARGET_NAME)";
				STRING_CATALOG_GENERATE_SYMBOLS = NO;
				SWIFT_APPROACHABLE_CONCURRENCY = YES;
				SWIFT_EMIT_LOC_STRINGS = NO;
				SWIFT_UPCOMING_FEATURE_MEMBER_IMPORT_VISIBILITY = YES;
				SWIFT_VERSION = 5.0;
				TEST_HOST = "$(BUILT_PRODUCTS_DIR)/HabitApp.app/$(BUNDLE_EXECUTABLE_FOLDER_PATH)/HabitApp";
			};
			name = Release;
		};
		35EDF0EF2E9FF1C300D50221 /* Debug */ = {
			isa = XCBuildConfiguration;
			buildSettings = {
				ALWAYS_SEARCH_USER_PATHS = NO;
				ASSETCATALOG_COMPILER_GENERATE_SWIFT_ASSET_SYMBOL_EXTENSIONS = YES;
				CLANG_ANALYZER_NONNULL = YES;
				CLANG_ANALYZER_NUMBER_OBJECT_CONVERSION = YES_AGGRESSIVE;
				CLANG_CXX_LANGUAGE_STANDARD = "gnu++20";
				CLANG_ENABLE_MODULES = YES;
				CLANG_ENABLE_OBJC_ARC = YES;
				CLANG_ENABLE_OBJC_WEAK = YES;
				CLANG_WARN_BLOCK_CAPTURE_AUTORELEASING = YES;
				CLANG_WARN_BOOL_CONVERSION = YES;
				CLANG_WARN_COMMA = YES;
				CLANG_WARN_CONSTANT_CONVERSION = YES;
				CLANG_WARN_DEPRECATED_OBJC_IMPLEMENTATIONS = YES;
				CLANG_WARN_DIRECT_OBJC_ISA_USAGE = YES_ERROR;
				CLANG_WARN_DOCUMENTATION_COMMENTS = YES;
				CLANG_WARN_EMPTY_BODY = YES;
				CLANG_WARN_ENUM_CONVERSION = YES;
				CLANG_WARN_INFINITE_RECURSION = YES;
				CLANG_WARN_INT_CONVERSION = YES;
				CLANG_WARN_NON_LITERAL_NULL_CONVERSION = YES;
				CLANG_WARN_OBJC_IMPLICIT_RETAIN_SELF = YES;
				CLANG_WARN_OBJC_LITERAL_CONVERSION = YES;
				CLANG_WARN_OBJC_ROOT_CLASS = YES_ERROR;
				CLANG_WARN_QUOTED_INCLUDE_IN_FRAMEWORK_HEADER = YES;
				CLANG_WARN_RANGE_LOOP_ANALYSIS = YES;
				CLANG_WARN_STRICT_PROTOTYPES = YES;
				CLANG_WARN_SUSPICIOUS_MOVE = YES;
				CLANG_WARN_UNGUARDED_AVAILABILITY = YES_AGGRESSIVE;
				CLANG_WARN_UNREACHABLE_CODE = YES;
				CLANG_WARN__DUPLICATE_METHOD_MATCH = YES;
				COPY_PHASE_STRIP = NO;
				DEBUG_INFORMATION_FORMAT = dwarf;
				ENABLE_STRICT_OBJC_MSGSEND = YES;
				ENABLE_TESTABILITY = YES;
				ENABLE_USER_SCRIPT_SANDBOXING = YES;
				GCC_C_LANGUAGE_STANDARD = gnu17;
				GCC_DYNAMIC_NO_PIC = NO;
				GCC_NO_COMMON_BLOCKS = YES;
				GCC_OPTIMIZATION_LEVEL = 0;
				GCC_PREPROCESSOR_DEFINITIONS = (
					"DEBUG=1",
					"$(inherited)",
				);
				GCC_WARN_64_TO_32_BIT_CONVERSION = YES;
				GCC_WARN_ABOUT_RETURN_TYPE = YES_ERROR;
				GCC_WARN_UNDECLARED_SELECTOR = YES;
				GCC_WARN_UNINITIALIZED_AUTOS = YES_AGGRESSIVE;
				GCC_WARN_UNUSED_FUNCTION = YES;
				GCC_WARN_UNUSED_VARIABLE = YES;
				LOCALIZATION_PREFERS_STRING_CATALOGS = YES;
				MACOSX_DEPLOYMENT_TARGET = 26.0;
				MTL_ENABLE_DEBUG_INFO = INCLUDE_SOURCE;
				MTL_FAST_MATH = YES;
				ONLY_ACTIVE_ARCH = YES;
				SDKROOT = macosx;
				SWIFT_ACTIVE_COMPILATION_CONDITIONS = "DEBUG $(inherited)";
				SWIFT_OPTIMIZATION_LEVEL = "-Onone";
			};
			name = Debug;
		};
		35EDF0F02E9FF1C300D50221 /* Release */ = {
			isa = XCBuildConfiguration;
			buildSettings = {
				ALWAYS_SEARCH_USER_PATHS = NO;
				ASSETCATALOG_COMPILER_GENERATE_SWIFT_ASSET_SYMBOL_EXTENSIONS = YES;
				CLANG_ANALYZER_NONNULL = YES;
				CLANG_ANALYZER_NUMBER_OBJECT_CONVERSION = YES_AGGRESSIVE;
				CLANG_CXX_LANGUAGE_STANDARD = "gnu++20";
				CLANG_ENABLE_MODULES = YES;
				CLANG_ENABLE_OBJC_ARC = YES;
				CLANG_ENABLE_OBJC_WEAK = YES;
				CLANG_WARN_BLOCK_CAPTURE_AUTORELEASING = YES;
				CLANG_WARN_BOOL_CONVERSION = YES;
				CLANG_WARN_COMMA = YES;
				CLANG_WARN_CONSTANT_CONVERSION = YES;
				CLANG_WARN_DEPRECATED_OBJC_IMPLEMENTATIONS = YES;
				CLANG_WARN_DIRECT_OBJC_ISA_USAGE = YES_ERROR;
				CLANG_WARN_DOCUMENTATION_COMMENTS = YES;
				CLANG_WARN_EMPTY_BODY = YES;
				CLANG_WARN_ENUM_CONVERSION = YES;
				CLANG_WARN_INFINITE_RECURSION = YES;
				CLANG_WARN_INT_CONVERSION = YES;
				CLANG_WARN_NON_LITERAL_NULL_CONVERSION = YES;
				CLANG_WARN_OBJC_IMPLICIT_RETAIN_SELF = YES;
				CLANG_WARN_OBJC_LITERAL_CONVERSION = YES;
				CLANG_WARN_OBJC_ROOT_CLASS = YES_ERROR;
				CLANG_WARN_QUOTED_INCLUDE_IN_FRAMEWORK_HEADER = YES;
				CLANG_WARN_RANGE_LOOP_ANALYSIS = YES;
				CLANG_WARN_STRICT_PROTOTYPES = YES;
				CLANG_WARN_SUSPICIOUS_MOVE = YES;
				CLANG_WARN_UNGUARDED_AVAILABILITY = YES_AGGRESSIVE;
				CLANG_WARN_UNREACHABLE_CODE = YES;
				CLANG_WARN__DUPLICATE_METHOD_MATCH = YES;
				COPY_PHASE_STRIP = NO;
				DEBUG_INFORMATION_FORMAT = "dwarf-with-dsym";
				ENABLE_NS_ASSERTIONS = NO;
				ENABLE_STRICT_OBJC_MSGSEND = YES;
				ENABLE_USER_SCRIPT_SANDBOXING = YES;
				GCC_C_LANGUAGE_STANDARD = gnu17;
				GCC_NO_COMMON_BLOCKS = YES;
				GCC_WARN_64_TO_32_BIT_CONVERSION = YES;
				GCC_WARN_ABOUT_RETURN_TYPE = YES_ERROR;
				GCC_WARN_UNDECLARED_SELECTOR = YES;
				GCC_WARN_UNINITIALIZED_AUTOS = YES_AGGRESSIVE;
				GCC_WARN_UNUSED_FUNCTION = YES;
				GCC_WARN_UNUSED_VARIABLE = YES;
				LOCALIZATION_PREFERS_STRING_CATALOGS = YES;
				MACOSX_DEPLOYMENT_TARGET = 26.0;
				MTL_ENABLE_DEBUG_INFO = NO;
				MTL_FAST_MATH = YES;
				SDKROOT = macosx;
				SWIFT_COMPILATION_MODE = wholemodule;
			};
			name = Release;
		};
		35EDF0F22E9FF1C300D50221 /* Debug */ = {
			isa = XCBuildConfiguration;
			baseConfigurationReference = 354A31B22F178DD1005237E6 /* BasicVersionConfig.xcconfig */;
			buildSettings = {
				ASSETCATALOG_COMPILER_APPICON_NAME = AppIcon;
				ASSETCATALOG_COMPILER_GLOBAL_ACCENT_COLOR_NAME = AccentColor;
				CODE_SIGN_STYLE = Automatic;
				COMBINE_HIDPI_IMAGES = YES;
				CURRENT_PROJECT_VERSION = 1;
				ENABLE_APP_SANDBOX = YES;
				ENABLE_PREVIEWS = YES;
				ENABLE_USER_SELECTED_FILES = readonly;
				GENERATE_INFOPLIST_FILE = YES;
				INFOPLIST_KEY_LSApplicationCategoryType = "public.app-category.utilities";
				INFOPLIST_KEY_NSHumanReadableCopyright = "";
				LD_RUNPATH_SEARCH_PATHS = (
					"$(inherited)",
					"@executable_path/../Frameworks",
				);
				MARKETING_VERSION = 1.0;
				NEW_SETTING = "";
				PRODUCT_BUNDLE_IDENTIFIER = ual.HabitApp3;
				PRODUCT_NAME = "$(TARGET_NAME)";
				REGISTER_APP_GROUPS = YES;
				STRING_CATALOG_GENERATE_SYMBOLS = YES;
				SUPPORTED_PLATFORMS = "iphoneos iphonesimulator macosx";
				SUPPORTS_MACCATALYST = NO;
				SWIFT_APPROACHABLE_CONCURRENCY = YES;
				SWIFT_DEFAULT_ACTOR_ISOLATION = MainActor;
				SWIFT_EMIT_LOC_STRINGS = YES;
				SWIFT_UPCOMING_FEATURE_MEMBER_IMPORT_VISIBILITY = YES;
				SWIFT_VERSION = 5.0;
				TARGETED_DEVICE_FAMILY = 1;
			};
			name = Debug;
		};
		35EDF0F32E9FF1C300D50221 /* Release */ = {
			isa = XCBuildConfiguration;
			buildSettings = {
				ASSETCATALOG_COMPILER_APPICON_NAME = AppIcon;
				ASSETCATALOG_COMPILER_GLOBAL_ACCENT_COLOR_NAME = AccentColor;
				CODE_SIGN_STYLE = Automatic;
				COMBINE_HIDPI_IMAGES = YES;
				CURRENT_PROJECT_VERSION = 1;
				ENABLE_APP_SANDBOX = YES;
				ENABLE_PREVIEWS = YES;
				ENABLE_USER_SELECTED_FILES = readonly;
				GENERATE_INFOPLIST_FILE = YES;
				INFOPLIST_KEY_LSApplicationCategoryType = "public.app-category.utilities";
				INFOPLIST_KEY_NSHumanReadableCopyright = "";
				LD_RUNPATH_SEARCH_PATHS = (
					"$(inherited)",
					"@executable_path/../Frameworks",
				);
				MARKETING_VERSION = 1.0;
				NEW_SETTING = "";
				PRODUCT_BUNDLE_IDENTIFIER = ual.HabitApp3;
				PRODUCT_NAME = "$(TARGET_NAME)";
				REGISTER_APP_GROUPS = YES;
				STRING_CATALOG_GENERATE_SYMBOLS = YES;
				SUPPORTED_PLATFORMS = "iphoneos iphonesimulator macosx";
				SUPPORTS_MACCATALYST = NO;
				"SWIFT_ACTIVE_COMPILATION_CONDITIONS[arch=*]" = "";
				SWIFT_APPROACHABLE_CONCURRENCY = YES;
				SWIFT_DEFAULT_ACTOR_ISOLATION = MainActor;
				SWIFT_EMIT_LOC_STRINGS = YES;
				SWIFT_UPCOMING_FEATURE_MEMBER_IMPORT_VISIBILITY = YES;
				SWIFT_VERSION = 5.0;
				TARGETED_DEVICE_FAMILY = 1;
			};
			name = Release;
		};
		35EDF0F82E9FF1C300D50221 /* Debug */ = {
			isa = XCBuildConfiguration;
			buildSettings = {
				CODE_SIGN_STYLE = Automatic;
				CURRENT_PROJECT_VERSION = 1;
				GENERATE_INFOPLIST_FILE = YES;
				MARKETING_VERSION = 1.0;
				PRODUCT_BUNDLE_IDENTIFIER = ual.HabitAppUITests;
				PRODUCT_NAME = "$(TARGET_NAME)";
				STRING_CATALOG_GENERATE_SYMBOLS = NO;
				SWIFT_APPROACHABLE_CONCURRENCY = YES;
				SWIFT_EMIT_LOC_STRINGS = NO;
				SWIFT_UPCOMING_FEATURE_MEMBER_IMPORT_VISIBILITY = YES;
				SWIFT_VERSION = 5.0;
				TEST_TARGET_NAME = HabitApp;
			};
			name = Debug;
		};
		35EDF0F92E9FF1C300D50221 /* Release */ = {
			isa = XCBuildConfiguration;
			buildSettings = {
				CODE_SIGN_STYLE = Automatic;
				CURRENT_PROJECT_VERSION = 1;
				GENERATE_INFOPLIST_FILE = YES;
				MARKETING_VERSION = 1.0;
				PRODUCT_BUNDLE_IDENTIFIER = ual.HabitAppUITests;
				PRODUCT_NAME = "$(TARGET_NAME)";
				STRING_CATALOG_GENERATE_SYMBOLS = NO;
				SWIFT_APPROACHABLE_CONCURRENCY = YES;
				SWIFT_EMIT_LOC_STRINGS = NO;
				SWIFT_UPCOMING_FEATURE_MEMBER_IMPORT_VISIBILITY = YES;
				SWIFT_VERSION = 5.0;
				TEST_TARGET_NAME = HabitApp;
			};
			name = Release;
		};
/* End XCBuildConfiguration section */

/* Begin XCConfigurationList section */
		354A31AA2F17891E005237E6 /* Build configuration list for PBXNativeTarget "HabitApp Premium" */ = {
			isa = XCConfigurationList;
			buildConfigurations = (
				354A31AB2F17891E005237E6 /* Debug */,
				354A31AC2F17891E005237E6 /* Release */,
			);
			defaultConfigurationIsVisible = 0;
			defaultConfigurationName = Release;
		};
		35944D092F05A47D002892A5 /* Build configuration list for PBXNativeTarget "HabitAppUnitTestsMacOS" */ = {
			isa = XCConfigurationList;
			buildConfigurations = (
				35944D0A2F05A47D002892A5 /* Debug */,
				35944D0B2F05A47D002892A5 /* Release */,
			);
			defaultConfigurationIsVisible = 0;
			defaultConfigurationName = Release;
		};
		35EDF0CB2E9FF1C000D50221 /* Build configuration list for PBXProject "HabitApp" */ = {
			isa = XCConfigurationList;
			buildConfigurations = (
				35EDF0EF2E9FF1C300D50221 /* Debug */,
				35EDF0F02E9FF1C300D50221 /* Release */,
			);
			defaultConfigurationIsVisible = 0;
			defaultConfigurationName = Release;
		};
		35EDF0F12E9FF1C300D50221 /* Build configuration list for PBXNativeTarget "HabitApp" */ = {
			isa = XCConfigurationList;
			buildConfigurations = (
				35EDF0F22E9FF1C300D50221 /* Debug */,
				35EDF0F32E9FF1C300D50221 /* Release */,
			);
			defaultConfigurationIsVisible = 0;
			defaultConfigurationName = Release;
		};
		35EDF0F72E9FF1C300D50221 /* Build configuration list for PBXNativeTarget "HabitAppUITests" */ = {
			isa = XCConfigurationList;
			buildConfigurations = (
				35EDF0F82E9FF1C300D50221 /* Debug */,
				35EDF0F92E9FF1C300D50221 /* Release */,
			);
			defaultConfigurationIsVisible = 0;
			defaultConfigurationName = Release;
		};
/* End XCConfigurationList section */
	};
	rootObject = 35EDF0C82E9FF1C000D50221 /* Project object */;
}
